<Solution>
  <Folder Name="/src/">
    <Project Path="src/BackupServices/BackupServices.csproj" Id="d0088892-beb3-4253-8e0f-e59749ab8a83" />
    <Project Path="src/DiscountService/DiscountService.csproj" />
    <Project Path="src/NotificationService/NotificationService.csproj" />
    <Project Path="src/ShoppingCartService/ShoppingCartService.csproj" />
  </Folder>
</Solution>
